// !$*UTF8*$!
{
	archiveVersion = 1;
	classes = {
	};
	objectVersion = 51;
	objects = {

/* Begin PBXBuildFile section */
		882D519CBB060CB0B0A5644E /* Pods_Campus_Connect.framework in Frameworks */ = {isa = PBXBuildFile; fileRef = F5DB7A7FED05EFDBC85FCBFA /* Pods_Campus_Connect.framework */; };
		E3178B58247D41510049F8B7 /* User.swift in Sources */ = {isa = PBXBuildFile; fileRef = E3178B57247D41510049F8B7 /* User.swift */; };
		E3178B5A247D6EEE0049F8B7 /* Extension.swift in Sources */ = {isa = PBXBuildFile; fileRef = E3178B59247D6EEE0049F8B7 /* Extension.swift */; };
		E3178B5C247D864E0049F8B7 /* ChatViewController.swift in Sources */ = {isa = PBXBuildFile; fileRef = E3178B5B247D864E0049F8B7 /* ChatViewController.swift */; };
		E31876A02424CBDB001DB708 /* UserTableViewCell.swift in Sources */ = {isa = PBXBuildFile; fileRef = E318769F2424CBDB001DB708 /* UserTableViewCell.swift */; };
		E31BB5B623F9421700ACAC82 /* SignUpViewController.swift in Sources */ = {isa = PBXBuildFile; fileRef = E31BB5B523F9421700ACAC82 /* SignUpViewController.swift */; };
		E31BB5BA23F94E3E00ACAC82 /* SignUpViewController+UI.swift in Sources */ = {isa = PBXBuildFile; fileRef = E31BB5B923F94E3E00ACAC82 /* SignUpViewController+UI.swift */; };
		E31BB5BC23F9592D00ACAC82 /* SignInViewController.swift in Sources */ = {isa = PBXBuildFile; fileRef = E31BB5BB23F9592D00ACAC82 /* SignInViewController.swift */; };
		E31BB5BE23F95B2B00ACAC82 /* SignInViewController+UI.swift in Sources */ = {isa = PBXBuildFile; fileRef = E31BB5BD23F95B2B00ACAC82 /* SignInViewController+UI.swift */; };
		E31BB5C023F9692100ACAC82 /* ForgotPasswordViewController.swift in Sources */ = {isa = PBXBuildFile; fileRef = E31BB5BF23F9692100ACAC82 /* ForgotPasswordViewController.swift */; };
		E31BB5C223F9694300ACAC82 /* ForgotPasswordViewController+UI.swift in Sources */ = {isa = PBXBuildFile; fileRef = E31BB5C123F9694300ACAC82 /* ForgotPasswordViewController+UI.swift */; };
		E31BB5C423F9726900ACAC82 /* GoogleService-Info.plist in Resources */ = {isa = PBXBuildFile; fileRef = E31BB5C323F9726900ACAC82 /* GoogleService-Info.plist */; };
		E31BB5C623FAF09B00ACAC82 /* Api.swift in Sources */ = {isa = PBXBuildFile; fileRef = E31BB5C523FAF09B00ACAC82 /* Api.swift */; };
		E31BB5C823FAF10700ACAC82 /* UserApi.swift in Sources */ = {isa = PBXBuildFile; fileRef = E31BB5C723FAF10700ACAC82 /* UserApi.swift */; };
		E31BB5CA23FB04EE00ACAC82 /* StorageService.swift in Sources */ = {isa = PBXBuildFile; fileRef = E31BB5C923FB04EE00ACAC82 /* StorageService.swift */; };
		E31BB5CC23FC60F700ACAC82 /* Ref.swift in Sources */ = {isa = PBXBuildFile; fileRef = E31BB5CB23FC60F700ACAC82 /* Ref.swift */; };
		E31E8B6D240A620E0029856A /* Assets.xcassets in Resources */ = {isa = PBXBuildFile; fileRef = E31E8B6C240A620E0029856A /* Assets.xcassets */; };
		E3204218249153C80072126E /* MessageApi.swift in Sources */ = {isa = PBXBuildFile; fileRef = E3204217249153C80072126E /* MessageApi.swift */; };
		E320421A2494FC1E0072126E /* Message.swift in Sources */ = {isa = PBXBuildFile; fileRef = E32042192494FC1D0072126E /* Message.swift */; };
		E3B15AED23DF3AE1005BC158 /* AppDelegate.swift in Sources */ = {isa = PBXBuildFile; fileRef = E3B15AEC23DF3AE1005BC158 /* AppDelegate.swift */; };
		E3B15AEF23DF3AE1005BC158 /* ViewController.swift in Sources */ = {isa = PBXBuildFile; fileRef = E3B15AEE23DF3AE1005BC158 /* ViewController.swift */; };
		E3B15AF723DF3AE2005BC158 /* LaunchScreen.storyboard in Resources */ = {isa = PBXBuildFile; fileRef = E3B15AF523DF3AE2005BC158 /* LaunchScreen.storyboard */; };
		E3B15AFF23DF3AFA005BC158 /* Welcome.storyboard in Resources */ = {isa = PBXBuildFile; fileRef = E3B15AFE23DF3AFA005BC158 /* Welcome.storyboard */; };
		E3B15B0123DF5795005BC158 /* ViewController+UI.swift in Sources */ = {isa = PBXBuildFile; fileRef = E3B15B0023DF5794005BC158 /* ViewController+UI.swift */; };
		E3CC5DC5240A67CA00C769DB /* MessageTableViewController.swift in Sources */ = {isa = PBXBuildFile; fileRef = E3CC5DC4240A67CA00C769DB /* MessageTableViewController.swift */; };
		E3CC5DC7240BA86E00C769DB /* PeopleTableViewController.swift in Sources */ = {isa = PBXBuildFile; fileRef = E3CC5DC6240BA86E00C769DB /* PeopleTableViewController.swift */; };
/* End PBXBuildFile section */

/* Begin PBXFileReference section */
		5938EFE9E850EB03F4B4EF30 /* Pods-Campus Connect.release.xcconfig */ = {isa = PBXFileReference; includeInIndex = 1; lastKnownFileType = text.xcconfig; name = "Pods-Campus Connect.release.xcconfig"; path = "Target Support Files/Pods-Campus Connect/Pods-Campus Connect.release.xcconfig"; sourceTree = "<group>"; };
		96B33B7E3F6AC0DC83540649 /* Pods-Campus Connect.debug.xcconfig */ = {isa = PBXFileReference; includeInIndex = 1; lastKnownFileType = text.xcconfig; name = "Pods-Campus Connect.debug.xcconfig"; path = "Target Support Files/Pods-Campus Connect/Pods-Campus Connect.debug.xcconfig"; sourceTree = "<group>"; };
		E3178B57247D41510049F8B7 /* User.swift */ = {isa = PBXFileReference; lastKnownFileType = sourcecode.swift; path = User.swift; sourceTree = "<group>"; };
		E3178B59247D6EEE0049F8B7 /* Extension.swift */ = {isa = PBXFileReference; lastKnownFileType = sourcecode.swift; path = Extension.swift; sourceTree = "<group>"; };
		E3178B5B247D864E0049F8B7 /* ChatViewController.swift */ = {isa = PBXFileReference; lastKnownFileType = sourcecode.swift; path = ChatViewController.swift; sourceTree = "<group>"; };
		E318769F2424CBDB001DB708 /* UserTableViewCell.swift */ = {isa = PBXFileReference; lastKnownFileType = sourcecode.swift; path = UserTableViewCell.swift; sourceTree = "<group>"; };
		E31BB5B523F9421700ACAC82 /* SignUpViewController.swift */ = {isa = PBXFileReference; lastKnownFileType = sourcecode.swift; path = SignUpViewController.swift; sourceTree = "<group>"; };
		E31BB5B923F94E3E00ACAC82 /* SignUpViewController+UI.swift */ = {isa = PBXFileReference; lastKnownFileType = sourcecode.swift; path = "SignUpViewController+UI.swift"; sourceTree = "<group>"; };
		E31BB5BB23F9592D00ACAC82 /* SignInViewController.swift */ = {isa = PBXFileReference; lastKnownFileType = sourcecode.swift; path = SignInViewController.swift; sourceTree = "<group>"; };
		E31BB5BD23F95B2B00ACAC82 /* SignInViewController+UI.swift */ = {isa = PBXFileReference; lastKnownFileType = sourcecode.swift; path = "SignInViewController+UI.swift"; sourceTree = "<group>"; };
		E31BB5BF23F9692100ACAC82 /* ForgotPasswordViewController.swift */ = {isa = PBXFileReference; lastKnownFileType = sourcecode.swift; path = ForgotPasswordViewController.swift; sourceTree = "<group>"; };
		E31BB5C123F9694300ACAC82 /* ForgotPasswordViewController+UI.swift */ = {isa = PBXFileReference; lastKnownFileType = sourcecode.swift; path = "ForgotPasswordViewController+UI.swift"; sourceTree = "<group>"; };
		E31BB5C323F9726900ACAC82 /* GoogleService-Info.plist */ = {isa = PBXFileReference; fileEncoding = 4; lastKnownFileType = text.plist.xml; path = "GoogleService-Info.plist"; sourceTree = "<group>"; };
		E31BB5C523FAF09B00ACAC82 /* Api.swift */ = {isa = PBXFileReference; lastKnownFileType = sourcecode.swift; path = Api.swift; sourceTree = "<group>"; };
		E31BB5C723FAF10700ACAC82 /* UserApi.swift */ = {isa = PBXFileReference; lastKnownFileType = sourcecode.swift; path = UserApi.swift; sourceTree = "<group>"; };
		E31BB5C923FB04EE00ACAC82 /* StorageService.swift */ = {isa = PBXFileReference; lastKnownFileType = sourcecode.swift; path = StorageService.swift; sourceTree = "<group>"; };
		E31BB5CB23FC60F700ACAC82 /* Ref.swift */ = {isa = PBXFileReference; lastKnownFileType = sourcecode.swift; path = Ref.swift; sourceTree = "<group>"; };
		E31E8B6C240A620E0029856A /* Assets.xcassets */ = {isa = PBXFileReference; lastKnownFileType = folder.assetcatalog; path = Assets.xcassets; sourceTree = "<group>"; };
		E3204217249153C80072126E /* MessageApi.swift */ = {isa = PBXFileReference; lastKnownFileType = sourcecode.swift; path = MessageApi.swift; sourceTree = "<group>"; };
		E32042192494FC1D0072126E /* Message.swift */ = {isa = PBXFileReference; lastKnownFileType = sourcecode.swift; path = Message.swift; sourceTree = "<group>"; };
		E3B15AE923DF3AE1005BC158 /* Campus Connect.app */ = {isa = PBXFileReference; explicitFileType = wrapper.application; includeInIndex = 0; path = "Campus Connect.app"; sourceTree = BUILT_PRODUCTS_DIR; };
		E3B15AEC23DF3AE1005BC158 /* AppDelegate.swift */ = {isa = PBXFileReference; lastKnownFileType = sourcecode.swift; path = AppDelegate.swift; sourceTree = "<group>"; };
		E3B15AEE23DF3AE1005BC158 /* ViewController.swift */ = {isa = PBXFileReference; lastKnownFileType = sourcecode.swift; path = ViewController.swift; sourceTree = "<group>"; };
		E3B15AF623DF3AE2005BC158 /* Base */ = {isa = PBXFileReference; lastKnownFileType = file.storyboard; name = Base; path = Base.lproj/LaunchScreen.storyboard; sourceTree = "<group>"; };
		E3B15AF823DF3AE2005BC158 /* Info.plist */ = {isa = PBXFileReference; lastKnownFileType = text.plist.xml; path = Info.plist; sourceTree = "<group>"; };
		E3B15AFE23DF3AFA005BC158 /* Welcome.storyboard */ = {isa = PBXFileReference; lastKnownFileType = file.storyboard; path = Welcome.storyboard; sourceTree = "<group>"; };
		E3B15B0023DF5794005BC158 /* ViewController+UI.swift */ = {isa = PBXFileReference; lastKnownFileType = sourcecode.swift; path = "ViewController+UI.swift"; sourceTree = "<group>"; };
		E3CC5DC4240A67CA00C769DB /* MessageTableViewController.swift */ = {isa = PBXFileReference; lastKnownFileType = sourcecode.swift; path = MessageTableViewController.swift; sourceTree = "<group>"; };
		E3CC5DC6240BA86E00C769DB /* PeopleTableViewController.swift */ = {isa = PBXFileReference; lastKnownFileType = sourcecode.swift; path = PeopleTableViewController.swift; sourceTree = "<group>"; };
		F5DB7A7FED05EFDBC85FCBFA /* Pods_Campus_Connect.framework */ = {isa = PBXFileReference; explicitFileType = wrapper.framework; includeInIndex = 0; path = Pods_Campus_Connect.framework; sourceTree = BUILT_PRODUCTS_DIR; };
/* End PBXFileReference section */

/* Begin PBXFrameworksBuildPhase section */
		E3B15AE623DF3AE1005BC158 /* Frameworks */ = {
			isa = PBXFrameworksBuildPhase;
			buildActionMask = 2147483647;
			files = (
				882D519CBB060CB0B0A5644E /* Pods_Campus_Connect.framework in Frameworks */,
			);
			runOnlyForDeploymentPostprocessing = 0;
		};
/* End PBXFrameworksBuildPhase section */

/* Begin PBXGroup section */
		25874ADD7E4BB42FAE688C91 /* Pods */ = {
			isa = PBXGroup;
			children = (
				96B33B7E3F6AC0DC83540649 /* Pods-Campus Connect.debug.xcconfig */,
				5938EFE9E850EB03F4B4EF30 /* Pods-Campus Connect.release.xcconfig */,
			);
			path = Pods;
			sourceTree = "<group>";
		};
		34B5D594F299FFE711055821 /* Frameworks */ = {
			isa = PBXGroup;
			children = (
				F5DB7A7FED05EFDBC85FCBFA /* Pods_Campus_Connect.framework */,
			);
			name = Frameworks;
			sourceTree = "<group>";
		};
		E3B15AE023DF3AE1005BC158 = {
			isa = PBXGroup;
			children = (
				E3B15AEB23DF3AE1005BC158 /* Campus Connect */,
				E3B15AEA23DF3AE1005BC158 /* Products */,
				25874ADD7E4BB42FAE688C91 /* Pods */,
				34B5D594F299FFE711055821 /* Frameworks */,
			);
			sourceTree = "<group>";
		};
		E3B15AEA23DF3AE1005BC158 /* Products */ = {
			isa = PBXGroup;
			children = (
				E3B15AE923DF3AE1005BC158 /* Campus Connect.app */,
			);
			name = Products;
			sourceTree = "<group>";
		};
		E3B15AEB23DF3AE1005BC158 /* Campus Connect */ = {
			isa = PBXGroup;
			children = (
				E3B15AEC23DF3AE1005BC158 /* AppDelegate.swift */,
				E3B15AEE23DF3AE1005BC158 /* ViewController.swift */,
				E3B15B0023DF5794005BC158 /* ViewController+UI.swift */,
				E3B15AF523DF3AE2005BC158 /* LaunchScreen.storyboard */,
				E3B15AF823DF3AE2005BC158 /* Info.plist */,
				E31E8B6C240A620E0029856A /* Assets.xcassets */,
				E3B15AFE23DF3AFA005BC158 /* Welcome.storyboard */,
				E3178B5B247D864E0049F8B7 /* ChatViewController.swift */,
				E3CC5DC6240BA86E00C769DB /* PeopleTableViewController.swift */,
				E3178B57247D41510049F8B7 /* User.swift */,
				E318769F2424CBDB001DB708 /* UserTableViewCell.swift */,
				E3178B59247D6EEE0049F8B7 /* Extension.swift */,
				E3CC5DC4240A67CA00C769DB /* MessageTableViewController.swift */,
				E31BB5BF23F9692100ACAC82 /* ForgotPasswordViewController.swift */,
				E31BB5C123F9694300ACAC82 /* ForgotPasswordViewController+UI.swift */,
				E31BB5BB23F9592D00ACAC82 /* SignInViewController.swift */,
				E31BB5BD23F95B2B00ACAC82 /* SignInViewController+UI.swift */,
				E31BB5B523F9421700ACAC82 /* SignUpViewController.swift */,
				E31BB5B923F94E3E00ACAC82 /* SignUpViewController+UI.swift */,
				E31BB5C523FAF09B00ACAC82 /* Api.swift */,
				E3204217249153C80072126E /* MessageApi.swift */,
				E32042192494FC1D0072126E /* Message.swift */,
				E31BB5C923FB04EE00ACAC82 /* StorageService.swift */,
				E31BB5C723FAF10700ACAC82 /* UserApi.swift */,
				E31BB5CB23FC60F700ACAC82 /* Ref.swift */,
				E31BB5C323F9726900ACAC82 /* GoogleService-Info.plist */,
			);
			path = "Campus Connect";
			sourceTree = "<group>";
		};
/* End PBXGroup section */

/* Begin PBXNativeTarget section */
		E3B15AE823DF3AE1005BC158 /* Campus Connect */ = {
			isa = PBXNativeTarget;
			buildConfigurationList = E3B15AFB23DF3AE2005BC158 /* Build configuration list for PBXNativeTarget "Campus Connect" */;
			buildPhases = (
				FFD379E8BF1DB75E1067F401 /* [CP] Check Pods Manifest.lock */,
				E3B15AE523DF3AE1005BC158 /* Sources */,
				E3B15AE623DF3AE1005BC158 /* Frameworks */,
				E3B15AE723DF3AE1005BC158 /* Resources */,
				E103E330009A11EAC0C33EA2 /* [CP] Embed Pods Frameworks */,
			);
			buildRules = (
			);
			dependencies = (
			);
			name = "Campus Connect";
			productName = "Campus Connect";
			productReference = E3B15AE923DF3AE1005BC158 /* Campus Connect.app */;
			productType = "com.apple.product-type.application";
		};
/* End PBXNativeTarget section */

/* Begin PBXProject section */
		E3B15AE123DF3AE1005BC158 /* Project object */ = {
			isa = PBXProject;
			attributes = {
				LastSwiftUpdateCheck = 1010;
				LastUpgradeCheck = 1010;
				ORGANIZATIONNAME = "Rahul Bansal";
				TargetAttributes = {
					E3B15AE823DF3AE1005BC158 = {
						CreatedOnToolsVersion = 10.1;
					};
				};
			};
			buildConfigurationList = E3B15AE423DF3AE1005BC158 /* Build configuration list for PBXProject "Campus Connect" */;
			compatibilityVersion = "Xcode 9.3";
			developmentRegion = en;
			hasScannedForEncodings = 0;
			knownRegions = (
				en,
				Base,
			);
			mainGroup = E3B15AE023DF3AE1005BC158;
			productRefGroup = E3B15AEA23DF3AE1005BC158 /* Products */;
			projectDirPath = "";
			projectRoot = "";
			targets = (
				E3B15AE823DF3AE1005BC158 /* Campus Connect */,
			);
		};
/* End PBXProject section */

/* Begin PBXResourcesBuildPhase section */
		E3B15AE723DF3AE1005BC158 /* Resources */ = {
			isa = PBXResourcesBuildPhase;
			buildActionMask = 2147483647;
			files = (
				E3B15AF723DF3AE2005BC158 /* LaunchScreen.storyboard in Resources */,
				E31BB5C423F9726900ACAC82 /* GoogleService-Info.plist in Resources */,
				E31E8B6D240A620E0029856A /* Assets.xcassets in Resources */,
				E3B15AFF23DF3AFA005BC158 /* Welcome.storyboard in Resources */,
			);
			runOnlyForDeploymentPostprocessing = 0;
		};
/* End PBXResourcesBuildPhase section */

/* Begin PBXShellScriptBuildPhase section */
		E103E330009A11EAC0C33EA2 /* [CP] Embed Pods Frameworks */ = {
			isa = PBXShellScriptBuildPhase;
			buildActionMask = 2147483647;
			files = (
			);
			inputFileListPaths = (
				"${PODS_ROOT}/Target Support Files/Pods-Campus Connect/Pods-Campus Connect-frameworks-${CONFIGURATION}-input-files.xcfilelist",
			);
			name = "[CP] Embed Pods Frameworks";
			outputFileListPaths = (
				"${PODS_ROOT}/Target Support Files/Pods-Campus Connect/Pods-Campus Connect-frameworks-${CONFIGURATION}-output-files.xcfilelist",
			);
			runOnlyForDeploymentPostprocessing = 0;
			shellPath = /bin/sh;
			shellScript = "\"${PODS_ROOT}/Target Support Files/Pods-Campus Connect/Pods-Campus Connect-frameworks.sh\"\n";
			showEnvVarsInLog = 0;
		};
		FFD379E8BF1DB75E1067F401 /* [CP] Check Pods Manifest.lock */ = {
			isa = PBXShellScriptBuildPhase;
			buildActionMask = 2147483647;
			files = (
			);
			inputFileListPaths = (
			);
			inputPaths = (
				"${PODS_PODFILE_DIR_PATH}/Podfile.lock",
				"${PODS_ROOT}/Manifest.lock",
			);
			name = "[CP] Check Pods Manifest.lock";
			outputFileListPaths = (
			);
			outputPaths = (
				"$(DERIVED_FILE_DIR)/Pods-Campus Connect-checkManifestLockResult.txt",
			);
			runOnlyForDeploymentPostprocessing = 0;
			shellPath = /bin/sh;
			shellScript = "diff \"${PODS_PODFILE_DIR_PATH}/Podfile.lock\" \"${PODS_ROOT}/Manifest.lock\" > /dev/null\nif [ $? != 0 ] ; then\n    # print error to STDERR\n    echo \"error: The sandbox is not in sync with the Podfile.lock. Run 'pod install' or update your CocoaPods installation.\" >&2\n    exit 1\nfi\n# This output is used by Xcode 'outputs' to avoid re-running this script phase.\necho \"SUCCESS\" > \"${SCRIPT_OUTPUT_FILE_0}\"\n";
			showEnvVarsInLog = 0;
		};
/* End PBXShellScriptBuildPhase section */

/* Begin PBXSourcesBuildPhase section */
		E3B15AE523DF3AE1005BC158 /* Sources */ = {
			isa = PBXSourcesBuildPhase;
			buildActionMask = 2147483647;
			files = (
				E31BB5C023F9692100ACAC82 /* ForgotPasswordViewController.swift in Sources */,
				E31BB5CA23FB04EE00ACAC82 /* StorageService.swift in Sources */,
				E3B15B0123DF5795005BC158 /* ViewController+UI.swift in Sources */,
				E31BB5BE23F95B2B00ACAC82 /* SignInViewController+UI.swift in Sources */,
				E31876A02424CBDB001DB708 /* UserTableViewCell.swift in Sources */,
				E3CC5DC7240BA86E00C769DB /* PeopleTableViewController.swift in Sources */,
				E320421A2494FC1E0072126E /* Message.swift in Sources */,
				E3204218249153C80072126E /* MessageApi.swift in Sources */,
				E3B15AEF23DF3AE1005BC158 /* ViewController.swift in Sources */,
				E3178B58247D41510049F8B7 /* User.swift in Sources */,
				E31BB5C223F9694300ACAC82 /* ForgotPasswordViewController+UI.swift in Sources */,
				E3178B5A247D6EEE0049F8B7 /* Extension.swift in Sources */,
				E3CC5DC5240A67CA00C769DB /* MessageTableViewController.swift in Sources */,
				E3178B5C247D864E0049F8B7 /* ChatViewController.swift in Sources */,
				E31BB5CC23FC60F700ACAC82 /* Ref.swift in Sources */,
				E31BB5BC23F9592D00ACAC82 /* SignInViewController.swift in Sources */,
				E31BB5B623F9421700ACAC82 /* SignUpViewController.swift in Sources */,
				E3B15AED23DF3AE1005BC158 /* AppDelegate.swift in Sources */,
				E31BB5C623FAF09B00ACAC82 /* Api.swift in Sources */,
				E31BB5BA23F94E3E00ACAC82 /* SignUpViewController+UI.swift in Sources */,
				E31BB5C823FAF10700ACAC82 /* UserApi.swift in Sources */,
			);
			runOnlyForDeploymentPostprocessing = 0;
		};
/* End PBXSourcesBuildPhase section */

/* Begin PBXVariantGroup section */
		E3B15AF523DF3AE2005BC158 /* LaunchScreen.storyboard */ = {
			isa = PBXVariantGroup;
			children = (
				E3B15AF623DF3AE2005BC158 /* Base */,
			);
			name = LaunchScreen.storyboard;
			sourceTree = "<group>";
		};
/* End PBXVariantGroup section */

/* Begin XCBuildConfiguration section */
		E3B15AF923DF3AE2005BC158 /* Debug */ = {
			isa = XCBuildConfiguration;
			buildSettings = {
				ALWAYS_SEARCH_USER_PATHS = NO;
				CLANG_ANALYZER_NONNULL = YES;
				CLANG_ANALYZER_NUMBER_OBJECT_CONVERSION = YES_AGGRESSIVE;
				CLANG_CXX_LANGUAGE_STANDARD = "gnu++14";
				CLANG_CXX_LIBRARY = "libc++";
				CLANG_ENABLE_MODULES = YES;
				CLANG_ENABLE_OBJC_ARC = YES;
				CLANG_ENABLE_OBJC_WEAK = YES;
				CLANG_WARN_BLOCK_CAPTURE_AUTORELEASING = YES;
				CLANG_WARN_BOOL_CONVERSION = YES;
				CLANG_WARN_COMMA = YES;
				CLANG_WARN_CONSTANT_CONVERSION = YES;
				CLANG_WARN_DEPRECATED_OBJC_IMPLEMENTATIONS = YES;
				CLANG_WARN_DIRECT_OBJC_ISA_USAGE = YES_ERROR;
				CLANG_WARN_DOCUMENTATION_COMMENTS = YES;
				CLANG_WARN_EMPTY_BODY = YES;
				CLANG_WARN_ENUM_CONVERSION = YES;
				CLANG_WARN_INFINITE_RECURSION = YES;
				CLANG_WARN_INT_CONVERSION = YES;
				CLANG_WARN_NON_LITERAL_NULL_CONVERSION = YES;
				CLANG_WARN_OBJC_IMPLICIT_RETAIN_SELF = YES;
				CLANG_WARN_OBJC_LITERAL_CONVERSION = YES;
				CLANG_WARN_OBJC_ROOT_CLASS = YES_ERROR;
				CLANG_WARN_RANGE_LOOP_ANALYSIS = YES;
				CLANG_WARN_STRICT_PROTOTYPES = YES;
				CLANG_WARN_SUSPICIOUS_MOVE = YES;
				CLANG_WARN_UNGUARDED_AVAILABILITY = YES_AGGRESSIVE;
				CLANG_WARN_UNREACHABLE_CODE = YES;
				CLANG_WARN__DUPLICATE_METHOD_MATCH = YES;
				CODE_SIGN_IDENTITY = "iPhone Developer";
				COPY_PHASE_STRIP = NO;
				DEBUG_INFORMATION_FORMAT = dwarf;
				ENABLE_STRICT_OBJC_MSGSEND = YES;
				ENABLE_TESTABILITY = YES;
				GCC_C_LANGUAGE_STANDARD = gnu11;
				GCC_DYNAMIC_NO_PIC = NO;
				GCC_NO_COMMON_BLOCKS = YES;
				GCC_OPTIMIZATION_LEVEL = 0;
				GCC_PREPROCESSOR_DEFINITIONS = (
					"DEBUG=1",
					"$(inherited)",
				);
				GCC_WARN_64_TO_32_BIT_CONVERSION = YES;
				GCC_WARN_ABOUT_RETURN_TYPE = YES_ERROR;
				GCC_WARN_UNDECLARED_SELECTOR = YES;
				GCC_WARN_UNINITIALIZED_AUTOS = YES_AGGRESSIVE;
				GCC_WARN_UNUSED_FUNCTION = YES;
				GCC_WARN_UNUSED_VARIABLE = YES;
				IPHONEOS_DEPLOYMENT_TARGET = 12.1;
				MTL_ENABLE_DEBUG_INFO = INCLUDE_SOURCE;
				MTL_FAST_MATH = YES;
				ONLY_ACTIVE_ARCH = YES;
				SDKROOT = iphoneos;
				SWIFT_ACTIVE_COMPILATION_CONDITIONS = DEBUG;
				SWIFT_OPTIMIZATION_LEVEL = "-Onone";
			};
			name = Debug;
		};
		E3B15AFA23DF3AE2005BC158 /* Release */ = {
			isa = XCBuildConfiguration;
			buildSettings = {
				ALWAYS_SEARCH_USER_PATHS = NO;
				CLANG_ANALYZER_NONNULL = YES;
				CLANG_ANALYZER_NUMBER_OBJECT_CONVERSION = YES_AGGRESSIVE;
				CLANG_CXX_LANGUAGE_STANDARD = "gnu++14";
				CLANG_CXX_LIBRARY = "libc++";
				CLANG_ENABLE_MODULES = YES;
				CLANG_ENABLE_OBJC_ARC = YES;
				CLANG_ENABLE_OBJC_WEAK = YES;
				CLANG_WARN_BLOCK_CAPTURE_AUTORELEASING = YES;
				CLANG_WARN_BOOL_CONVERSION = YES;
				CLANG_WARN_COMMA = YES;
				CLANG_WARN_CONSTANT_CONVERSION = YES;
				CLANG_WARN_DEPRECATED_OBJC_IMPLEMENTATIONS = YES;
				CLANG_WARN_DIRECT_OBJC_ISA_USAGE = YES_ERROR;
				CLANG_WARN_DOCUMENTATION_COMMENTS = YES;
				CLANG_WARN_EMPTY_BODY = YES;
				CLANG_WARN_ENUM_CONVERSION = YES;
				CLANG_WARN_INFINITE_RECURSION = YES;
				CLANG_WARN_INT_CONVERSION = YES;
				CLANG_WARN_NON_LITERAL_NULL_CONVERSION = YES;
				CLANG_WARN_OBJC_IMPLICIT_RETAIN_SELF = YES;
				CLANG_WARN_OBJC_LITERAL_CONVERSION = YES;
				CLANG_WARN_OBJC_ROOT_CLASS = YES_ERROR;
				CLANG_WARN_RANGE_LOOP_ANALYSIS = YES;
				CLANG_WARN_STRICT_PROTOTYPES = YES;
				CLANG_WARN_SUSPICIOUS_MOVE = YES;
				CLANG_WARN_UNGUARDED_AVAILABILITY = YES_AGGRESSIVE;
				CLANG_WARN_UNREACHABLE_CODE = YES;
				CLANG_WARN__DUPLICATE_METHOD_MATCH = YES;
				CODE_SIGN_IDENTITY = "iPhone Developer";
				COPY_PHASE_STRIP = NO;
				DEBUG_INFORMATION_FORMAT = "dwarf-with-dsym";
				ENABLE_NS_ASSERTIONS = NO;
				ENABLE_STRICT_OBJC_MSGSEND = YES;
				GCC_C_LANGUAGE_STANDARD = gnu11;
				GCC_NO_COMMON_BLOCKS = YES;
				GCC_WARN_64_TO_32_BIT_CONVERSION = YES;
				GCC_WARN_ABOUT_RETURN_TYPE = YES_ERROR;
				GCC_WARN_UNDECLARED_SELECTOR = YES;
				GCC_WARN_UNINITIALIZED_AUTOS = YES_AGGRESSIVE;
				GCC_WARN_UNUSED_FUNCTION = YES;
				GCC_WARN_UNUSED_VARIABLE = YES;
				IPHONEOS_DEPLOYMENT_TARGET = 12.1;
				MTL_ENABLE_DEBUG_INFO = NO;
				MTL_FAST_MATH = YES;
				SDKROOT = iphoneos;
				SWIFT_COMPILATION_MODE = wholemodule;
				SWIFT_OPTIMIZATION_LEVEL = "-O";
				VALIDATE_PRODUCT = YES;
			};
			name = Release;
		};
		E3B15AFC23DF3AE2005BC158 /* Debug */ = {
			isa = XCBuildConfiguration;
			baseConfigurationReference = 96B33B7E3F6AC0DC83540649 /* Pods-Campus Connect.debug.xcconfig */;
			buildSettings = {
				ASSETCATALOG_COMPILER_APPICON_NAME = AppIcon;
				CODE_SIGN_STYLE = Automatic;
				DEVELOPMENT_TEAM = 8GA7Q46B8A;
				INFOPLIST_FILE = "Campus Connect/Info.plist";
				LD_RUNPATH_SEARCH_PATHS = (
					"$(inherited)",
					"@executable_path/Frameworks",
				);
				PRODUCT_BUNDLE_IDENTIFIER = "IIT-Delhi.Campus-Connect";
				PRODUCT_NAME = "$(TARGET_NAME)";
				SWIFT_VERSION = 4.2;
				TARGETED_DEVICE_FAMILY = "1,2";
			};
			name = Debug;
		};
		E3B15AFD23DF3AE2005BC158 /* Release */ = {
			isa = XCBuildConfiguration;
			baseConfigurationReference = 5938EFE9E850EB03F4B4EF30 /* Pods-Campus Connect.release.xcconfig */;
			buildSettings = {
				ASSETCATALOG_COMPILER_APPICON_NAME = AppIcon;
				CODE_SIGN_STYLE = Automatic;
				DEVELOPMENT_TEAM = 8GA7Q46B8A;
				INFOPLIST_FILE = "Campus Connect/Info.plist";
				LD_RUNPATH_SEARCH_PATHS = (
					"$(inherited)",
					"@executable_path/Frameworks",
				);
				PRODUCT_BUNDLE_IDENTIFIER = "IIT-Delhi.Campus-Connect";
				PRODUCT_NAME = "$(TARGET_NAME)";
				SWIFT_VERSION = 4.2;
				TARGETED_DEVICE_FAMILY = "1,2";
			};
			name = Release;
		};
/* End XCBuildConfiguration section */

/* Begin XCConfigurationList section */
		E3B15AE423DF3AE1005BC158 /* Build configuration list for PBXProject "Campus Connect" */ = {
			isa = XCConfigurationList;
			buildConfigurations = (
				E3B15AF923DF3AE2005BC158 /* Debug */,
				E3B15AFA23DF3AE2005BC158 /* Release */,
			);
			defaultConfigurationIsVisible = 0;
			defaultConfigurationName = Release;
		};
		E3B15AFB23DF3AE2005BC158 /* Build configuration list for PBXNativeTarget "Campus Connect" */ = {
			isa = XCConfigurationList;
			buildConfigurations = (
				E3B15AFC23DF3AE2005BC158 /* Debug */,
				E3B15AFD23DF3AE2005BC158 /* Release */,
			);
			defaultConfigurationIsVisible = 0;
			defaultConfigurationName = Release;
		};
/* End XCConfigurationList section */
	};
	rootObject = E3B15AE123DF3AE1005BC158 /* Project object */;
}
